
Microsoft Visual Studio Solution File, Format Version 12.00
# Visual Studio 15
VisualStudioVersion = 15.0.27004.2005
MinimumVisualStudioVersion = 10.0.40219.1
Project("{FAE04EC0-301F-11D3-BF4B-00C04F79EFBC}") = "CasetaStatus", "CasetaStatus\CasetaStatus.csproj", "{E58DF12B-0CDE-47CB-8CA2-53C12662F321}"
EndProject
Global
	GlobalSection(SolutionConfigurationPlatforms) = preSolution
		Debug|Any CPU = Debug|Any CPU
		Release|Any CPU = Release|Any CPU
	EndGlobalSection
	GlobalSection(ProjectConfigurationPlatforms) = postSolution
		{E58DF12B-0CDE-47CB-8CA2-53C12662F321}.Debug|Any CPU.ActiveCfg = Debug|Any CPU
		{E58DF12B-0CDE-47CB-8CA2-53C12662F321}.Debug|Any CPU.Build.0 = Debug|Any CPU
		{E58DF12B-0CDE-47CB-8CA2-53C12662F321}.Release|Any CPU.ActiveCfg = Release|Any CPU
		{E58DF12B-0CDE-47CB-8CA2-53C12662F321}.Release|Any CPU.Build.0 = Release|Any CPU
	EndGlobalSection
	GlobalSection(SolutionProperties) = preSolution
		HideSolutionNode = FALSE
	EndGlobalSection
	GlobalSection(ExtensibilityGlobals) = postSolution
		SolutionGuid = {DF3ACA8D-5BE1-484B-8569-ABFD7F09B50D}
	EndGlobalSection
EndGlobal
